
Microsoft Visual Studio Solution File, Format Version 12.00
# Visual Studio Version 17
VisualStudioVersion = 17.1.32228.430
MinimumVisualStudioVersion = 10.0.40219.1
Project("{FAE04EC0-301F-11D3-BF4B-00C04F79EFBC}") = "ChannelEngineAssessment", "ChannelEngineAssessment\ChannelEngineAssessment.csproj", "{F8633F5A-BD3E-43A7-B03E-4C0BE7694C8D}"
EndProject
Project("{FAE04EC0-301F-11D3-BF4B-00C04F79EFBC}") = "ChannelEngineAssessment.Services", "ChannelEngineAssessment.Services\ChannelEngineAssessment.Services.csproj", "{569E69FA-3BF0-4D88-9843-DD3FBEAB7A85}"
EndProject
Project("{FAE04EC0-301F-11D3-BF4B-00C04F79EFBC}") = "ChannelEngineAssessment.Tests", "ChannelEngineAssessment.Tests\ChannelEngineAssessment.Tests.csproj", "{5BCDC393-3F96-4DDA-AF6F-59AC4746FD95}"
EndProject
Global
	GlobalSection(SolutionConfigurationPlatforms) = preSolution
		Debug|Any CPU = Debug|Any CPU
		Release|Any CPU = Release|Any CPU
	EndGlobalSection
	GlobalSection(ProjectConfigurationPlatforms) = postSolution
		{F8633F5A-BD3E-43A7-B03E-4C0BE7694C8D}.Debug|Any CPU.ActiveCfg = Debug|Any CPU
		{F8633F5A-BD3E-43A7-B03E-4C0BE7694C8D}.Debug|Any CPU.Build.0 = Debug|Any CPU
		{F8633F5A-BD3E-43A7-B03E-4C0BE7694C8D}.Release|Any CPU.ActiveCfg = Release|Any CPU
		{F8633F5A-BD3E-43A7-B03E-4C0BE7694C8D}.Release|Any CPU.Build.0 = Release|Any CPU
		{569E69FA-3BF0-4D88-9843-DD3FBEAB7A85}.Debug|Any CPU.ActiveCfg = Debug|Any CPU
		{569E69FA-3BF0-4D88-9843-DD3FBEAB7A85}.Debug|Any CPU.Build.0 = Debug|Any CPU
		{569E69FA-3BF0-4D88-9843-DD3FBEAB7A85}.Release|Any CPU.ActiveCfg = Release|Any CPU
		{569E69FA-3BF0-4D88-9843-DD3FBEAB7A85}.Release|Any CPU.Build.0 = Release|Any CPU
		{5BCDC393-3F96-4DDA-AF6F-59AC4746FD95}.Debug|Any CPU.ActiveCfg = Debug|Any CPU
		{5BCDC393-3F96-4DDA-AF6F-59AC4746FD95}.Debug|Any CPU.Build.0 = Debug|Any CPU
		{5BCDC393-3F96-4DDA-AF6F-59AC4746FD95}.Release|Any CPU.ActiveCfg = Release|Any CPU
		{5BCDC393-3F96-4DDA-AF6F-59AC4746FD95}.Release|Any CPU.Build.0 = Release|Any CPU
	EndGlobalSection
	GlobalSection(SolutionProperties) = preSolution
		HideSolutionNode = FALSE
	EndGlobalSection
	GlobalSection(ExtensibilityGlobals) = postSolution
		SolutionGuid = {F22B523A-FBBC-4D1E-8F5F-C0AD45485C5C}
	EndGlobalSection
EndGlobal
